
Microsoft Visual Studio Solution File, Format Version 12.00
# Visual Studio Version 17
VisualStudioVersion = 17.4.33110.190
MinimumVisualStudioVersion = 10.0.40219.1
Project("{FAE04EC0-301F-11D3-BF4B-00C04F79EFBC}") = "Inventories", "Inventories\Inventories.csproj", "{A65D4BDE-2E82-437A-A288-15EAC8B865CA}"
EndProject
Global
	GlobalSection(SolutionConfigurationPlatforms) = preSolution
		Debug|Any CPU = Debug|Any CPU
		Release|Any CPU = Release|Any CPU
	EndGlobalSection
	GlobalSection(ProjectConfigurationPlatforms) = postSolution
		{A65D4BDE-2E82-437A-A288-15EAC8B865CA}.Debug|Any CPU.ActiveCfg = Debug|Any CPU
		{A65D4BDE-2E82-437A-A288-15EAC8B865CA}.Debug|Any CPU.Build.0 = Debug|Any CPU
		{A65D4BDE-2E82-437A-A288-15EAC8B865CA}.Release|Any CPU.ActiveCfg = Release|Any CPU
		{A65D4BDE-2E82-437A-A288-15EAC8B865CA}.Release|Any CPU.Build.0 = Release|Any CPU
	EndGlobalSection
	GlobalSection(SolutionProperties) = preSolution
		HideSolutionNode = FALSE
	EndGlobalSection
	GlobalSection(ExtensibilityGlobals) = postSolution
		SolutionGuid = {D13C6E10-D697-4C4F-87FA-F6BA201AFA57}
	EndGlobalSection
EndGlobal
